# This file is automatically @generated by Cargo.
# It is not intended for manual editing.
[[package]]
name = "asm"
version = "0.1.0"
source = "git+https://github.com/addrianyy/assembler#12b5ae73788900a5aa4a94c3131d447423fcd2ec"

[[package]]
name = "compiler"
version = "0.1.0"
dependencies = [
 "turbo_ir",
]

[[package]]
name = "turbo_ir"
version = "0.1.0"
dependencies = [
 "asm",
]
