# This file is automatically @generated by Cargo.
# It is not intended for manual editing.
[[package]]
name = "asm"
version = "0.1.0"
source = "git+https://github.com/addrianyy/assembler#0b76351debca3c1d88f66669850a2b008eaa5bcd"

[[package]]
name = "compiler"
version = "0.1.0"
dependencies = [
 "turbo_ir",
]

[[package]]
name = "turbo_ir"
version = "0.1.0"
dependencies = [
 "asm",
]
