# This file is automatically @generated by Cargo.
# It is not intended for manual editing.
[[package]]
name = "asm"
version = "0.1.0"
source = "git+https://github.com/addrianyy/assembler#12b5ae73788900a5aa4a94c3131d447423fcd2ec"

[[package]]
name = "compiler"
version = "0.1.0"
dependencies = [
 "turbo_ir",
]

[[package]]
name = "smallvec"
version = "1.5.0"
source = "registry+https://github.com/rust-lang/crates.io-index"
checksum = "7acad6f34eb9e8a259d3283d1e8c1d34d7415943d4895f65cc73813c7396fc85"

[[package]]
name = "turbo_ir"
version = "0.1.0"
dependencies = [
 "asm",
 "smallvec",
]
